
Microsoft Visual Studio Solution File, Format Version 12.00
# Visual Studio Version 17
VisualStudioVersion = 17.6.33723.286
MinimumVisualStudioVersion = 10.0.40219.1
Project("{F184B08F-C81C-45F6-A57F-5ABD9991F28F}") = "projet bibliothéque", "projet bibliothéque\projet bibliothéque.vbproj", "{D64A6128-FF6D-41CD-89C5-D29F2C70CFD9}"
EndProject
Global
	GlobalSection(SolutionConfigurationPlatforms) = preSolution
		Debug|Any CPU = Debug|Any CPU
		Release|Any CPU = Release|Any CPU
	EndGlobalSection
	GlobalSection(ProjectConfigurationPlatforms) = postSolution
		{D64A6128-FF6D-41CD-89C5-D29F2C70CFD9}.Debug|Any CPU.ActiveCfg = Debug|Any CPU
		{D64A6128-FF6D-41CD-89C5-D29F2C70CFD9}.Debug|Any CPU.Build.0 = Debug|Any CPU
		{D64A6128-FF6D-41CD-89C5-D29F2C70CFD9}.Release|Any CPU.ActiveCfg = Release|Any CPU
		{D64A6128-FF6D-41CD-89C5-D29F2C70CFD9}.Release|Any CPU.Build.0 = Release|Any CPU
	EndGlobalSection
	GlobalSection(SolutionProperties) = preSolution
		HideSolutionNode = FALSE
	EndGlobalSection
	GlobalSection(ExtensibilityGlobals) = postSolution
		SolutionGuid = {48C57E60-E8E1-4BF4-B4BB-084E96EBDF22}
	EndGlobalSection
EndGlobal
